
Microsoft Visual Studio Solution File, Format Version 12.00
# Visual Studio 15
VisualStudioVersion = 15.0.28307.1082
MinimumVisualStudioVersion = 10.0.40219.1
Project("{9092AA53-FB77-4645-B42D-1CCCA6BD08BD}") = "NukeBot", "NukeBot.njsproj", "{F5298F80-40AF-414A-923A-C7047EC38EAE}"
EndProject
Global
	GlobalSection(SolutionConfigurationPlatforms) = preSolution
		Debug|Any CPU = Debug|Any CPU
		Release|Any CPU = Release|Any CPU
	EndGlobalSection
	GlobalSection(ProjectConfigurationPlatforms) = postSolution
		{F5298F80-40AF-414A-923A-C7047EC38EAE}.Debug|Any CPU.ActiveCfg = Debug|Any CPU
		{F5298F80-40AF-414A-923A-C7047EC38EAE}.Debug|Any CPU.Build.0 = Debug|Any CPU
		{F5298F80-40AF-414A-923A-C7047EC38EAE}.Release|Any CPU.ActiveCfg = Release|Any CPU
		{F5298F80-40AF-414A-923A-C7047EC38EAE}.Release|Any CPU.Build.0 = Release|Any CPU
	EndGlobalSection
	GlobalSection(SolutionProperties) = preSolution
		HideSolutionNode = FALSE
	EndGlobalSection
	GlobalSection(ExtensibilityGlobals) = postSolution
		SolutionGuid = {D17F1409-CAD2-4164-AAA8-C30A616FD057}
	EndGlobalSection
EndGlobal
